// !$*UTF8*$!
{
	archiveVersion = 1;
	classes = {
	};
	objectVersion = 50;
	objects = {

/* Begin PBXBuildFile section */
		82377ACD2538FD140090E084 /* InformationView.swift in Sources */ = {isa = PBXBuildFile; fileRef = 82377ACC2538FD140090E084 /* InformationView.swift */; };
		82377AD32538FDC90090E084 /* InformationContainerView.swift in Sources */ = {isa = PBXBuildFile; fileRef = 82377AD22538FDC90090E084 /* InformationContainerView.swift */; };
		82377AD72538FDFA0090E084 /* WelcomeTitleView.swift in Sources */ = {isa = PBXBuildFile; fileRef = 82377AD62538FDFA0090E084 /* WelcomeTitleView.swift */; };
		82377ADB2538FE5E0090E084 /* modifiers.swift in Sources */ = {isa = PBXBuildFile; fileRef = 82377ADA2538FE5E0090E084 /* modifiers.swift */; };
		82377ADF2538FEBA0090E084 /* WelcomeView.swift in Sources */ = {isa = PBXBuildFile; fileRef = 82377ADE2538FEBA0090E084 /* WelcomeView.swift */; };
		8257B6A92531E5A500C2AE69 /* .swiftlint.yml in Resources */ = {isa = PBXBuildFile; fileRef = 8257B6A82531E5A500C2AE69 /* .swiftlint.yml */; };
		8257B6AD2531E84900C2AE69 /* NewMaskView.swift in Sources */ = {isa = PBXBuildFile; fileRef = 8257B6AC2531E84900C2AE69 /* NewMaskView.swift */; };
		8257B6B02531ECF800C2AE69 /* CardView.swift in Sources */ = {isa = PBXBuildFile; fileRef = 8257B6AF2531ECF800C2AE69 /* CardView.swift */; };
		8257B6B32531EF5300C2AE69 /* Colors.xcassets in Resources */ = {isa = PBXBuildFile; fileRef = 8257B6B22531EF5300C2AE69 /* Colors.xcassets */; };
		8257B6DE25320FE700C2AE69 /* Persistance.swift in Sources */ = {isa = PBXBuildFile; fileRef = 8257B6DD25320FE700C2AE69 /* Persistance.swift */; };
		8257B6F62532177A00C2AE69 /* MaskData.xcdatamodeld in Sources */ = {isa = PBXBuildFile; fileRef = 8257B6F42532177A00C2AE69 /* MaskData.xcdatamodeld */; };
		827A0EFE255BE29E00738ED7 /* Main.swift in Sources */ = {isa = PBXBuildFile; fileRef = 827A0EFD255BE29E00738ED7 /* Main.swift */; };
		828212AA25321CE80025FB0E /* MaskData+CoreDataClass.swift in Sources */ = {isa = PBXBuildFile; fileRef = 828212A825321CE80025FB0E /* MaskData+CoreDataClass.swift */; };
		828212AB25321CE80025FB0E /* MaskData+CoreDataProperties.swift in Sources */ = {isa = PBXBuildFile; fileRef = 828212A925321CE80025FB0E /* MaskData+CoreDataProperties.swift */; };
		82AF0542253AFCEC003A1F2D /* Assets.xcassets in Resources */ = {isa = PBXBuildFile; fileRef = 82AF0541253AFCEC003A1F2D /* Assets.xcassets */; };
		82AF0549253AFCEC003A1F2D /* Mask Tracker Watch App Extension.appex in Embed App Extensions */ = {isa = PBXBuildFile; fileRef = 82AF0548253AFCEC003A1F2D /* Mask Tracker Watch App Extension.appex */; settings = {ATTRIBUTES = (RemoveHeadersOnCopy, ); }; };
		82AF054E253AFCEC003A1F2D /* Mask_TrackerApp.swift in Sources */ = {isa = PBXBuildFile; fileRef = 82AF054D253AFCEC003A1F2D /* Mask_TrackerApp.swift */; };
		82AF0550253AFCEC003A1F2D /* ContentView.swift in Sources */ = {isa = PBXBuildFile; fileRef = 82AF054F253AFCEC003A1F2D /* ContentView.swift */; };
		82AF0552253AFCEC003A1F2D /* NotificationController.swift in Sources */ = {isa = PBXBuildFile; fileRef = 82AF0551253AFCEC003A1F2D /* NotificationController.swift */; };
		82AF0554253AFCEC003A1F2D /* NotificationView.swift in Sources */ = {isa = PBXBuildFile; fileRef = 82AF0553253AFCEC003A1F2D /* NotificationView.swift */; };
		82AF0556253AFCEC003A1F2D /* ComplicationController.swift in Sources */ = {isa = PBXBuildFile; fileRef = 82AF0555253AFCEC003A1F2D /* ComplicationController.swift */; };
		82AF0558253AFCED003A1F2D /* Assets.xcassets in Resources */ = {isa = PBXBuildFile; fileRef = 82AF0557253AFCED003A1F2D /* Assets.xcassets */; };
		82AF055B253AFCED003A1F2D /* Preview Assets.xcassets in Resources */ = {isa = PBXBuildFile; fileRef = 82AF055A253AFCED003A1F2D /* Preview Assets.xcassets */; };
		82AF0560253AFCED003A1F2D /* Mask Tracker Watch App.app in Embed Watch Content */ = {isa = PBXBuildFile; fileRef = 82AF053F253AFCEB003A1F2D /* Mask Tracker Watch App.app */; settings = {ATTRIBUTES = (RemoveHeadersOnCopy, ); }; };
		82AF058C253AFF0F003A1F2D /* MaskDataWatch.xcdatamodeld in Sources */ = {isa = PBXBuildFile; fileRef = 82AF058A253AFF0F003A1F2D /* MaskDataWatch.xcdatamodeld */; };
		82AF0596253B022B003A1F2D /* MaskDataWatch+CoreDataClass.swift in Sources */ = {isa = PBXBuildFile; fileRef = 82AF0594253B022B003A1F2D /* MaskDataWatch+CoreDataClass.swift */; };
		82AF0597253B022B003A1F2D /* MaskDataWatch+CoreDataProperties.swift in Sources */ = {isa = PBXBuildFile; fileRef = 82AF0595253B022B003A1F2D /* MaskDataWatch+CoreDataProperties.swift */; };
		82AF059D253B02FE003A1F2D /* Persistance.swift in Sources */ = {isa = PBXBuildFile; fileRef = 82AF059C253B02FE003A1F2D /* Persistance.swift */; };
		82AF05BB253B0680003A1F2D /* MaskData+CoreDataClass.swift in Sources */ = {isa = PBXBuildFile; fileRef = 828212A825321CE80025FB0E /* MaskData+CoreDataClass.swift */; };
		82AF05F7253B0B98003A1F2D /* helpers.swift in Sources */ = {isa = PBXBuildFile; fileRef = 82CB25FC2531C36200BA3EE7 /* helpers.swift */; };
		82AF05FC253B0C77003A1F2D /* Colors.xcassets in Resources */ = {isa = PBXBuildFile; fileRef = 8257B6B22531EF5300C2AE69 /* Colors.xcassets */; };
		82AF0601253B0C78003A1F2D /* Colors.xcassets in Resources */ = {isa = PBXBuildFile; fileRef = 8257B6B22531EF5300C2AE69 /* Colors.xcassets */; };
		82AF0606253B0C7B003A1F2D /* Mask.xcassets in Resources */ = {isa = PBXBuildFile; fileRef = 82CB25F92531BBFB00BA3EE7 /* Mask.xcassets */; };
		82AF060B253B0C7B003A1F2D /* Mask.xcassets in Resources */ = {isa = PBXBuildFile; fileRef = 82CB25F92531BBFB00BA3EE7 /* Mask.xcassets */; };
		82AF061D253B0D6B003A1F2D /* CardView.swift in Sources */ = {isa = PBXBuildFile; fileRef = 8257B6AF2531ECF800C2AE69 /* CardView.swift */; };
		82AF0627253B0D6F003A1F2D /* Localizable.strings in Resources */ = {isa = PBXBuildFile; fileRef = 82B0E0132533503F000CFF93 /* Localizable.strings */; };
		82AF062C253B0D70003A1F2D /* Localizable.strings in Resources */ = {isa = PBXBuildFile; fileRef = 82B0E0132533503F000CFF93 /* Localizable.strings */; };
		82AF0631253B0D92003A1F2D /* RIngShape.swift in Sources */ = {isa = PBXBuildFile; fileRef = 82B0DFFB25332EC6000CFF93 /* RIngShape.swift */; };
		82AF0632253B0D92003A1F2D /* RIngShape.swift in Sources */ = {isa = PBXBuildFile; fileRef = 82B0DFFB25332EC6000CFF93 /* RIngShape.swift */; };
		82AF0633253B0D92003A1F2D /* PercentageRing.swift in Sources */ = {isa = PBXBuildFile; fileRef = 82B0E00225332F5D000CFF93 /* PercentageRing.swift */; };
		82AF0634253B0D92003A1F2D /* PercentageRing.swift in Sources */ = {isa = PBXBuildFile; fileRef = 82B0E00225332F5D000CFF93 /* PercentageRing.swift */; };
		82AF064F253B0E8F003A1F2D /* MaskListItemView.swift in Sources */ = {isa = PBXBuildFile; fileRef = 82AF064E253B0E8F003A1F2D /* MaskListItemView.swift */; };
		82AF0656253B0ECF003A1F2D /* MaskDetailView.swift in Sources */ = {isa = PBXBuildFile; fileRef = 82AF0655253B0ECF003A1F2D /* MaskDetailView.swift */; };
		82AF0664253B163B003A1F2D /* NewMaskListItemView.swift in Sources */ = {isa = PBXBuildFile; fileRef = 82AF0663253B163B003A1F2D /* NewMaskListItemView.swift */; };
		82AF066F253B16BB003A1F2D /* NewMaskView.swift in Sources */ = {isa = PBXBuildFile; fileRef = 82AF066E253B16BB003A1F2D /* NewMaskView.swift */; };
		82AF067A253B231D003A1F2D /* WatchCardView.swift in Sources */ = {isa = PBXBuildFile; fileRef = 82AF0679253B231D003A1F2D /* WatchCardView.swift */; };
		82B0DFFC25332EC6000CFF93 /* RIngShape.swift in Sources */ = {isa = PBXBuildFile; fileRef = 82B0DFFB25332EC6000CFF93 /* RIngShape.swift */; };
		82B0E00325332F5D000CFF93 /* PercentageRing.swift in Sources */ = {isa = PBXBuildFile; fileRef = 82B0E00225332F5D000CFF93 /* PercentageRing.swift */; };
		82B0E0112533503F000CFF93 /* Localizable.strings in Resources */ = {isa = PBXBuildFile; fileRef = 82B0E0132533503F000CFF93 /* Localizable.strings */; };
		82CB25DC2531B5ED00BA3EE7 /* Mask_TrackerApp.swift in Sources */ = {isa = PBXBuildFile; fileRef = 82CB25DB2531B5ED00BA3EE7 /* Mask_TrackerApp.swift */; };
		82CB25E02531B5ED00BA3EE7 /* Assets.xcassets in Resources */ = {isa = PBXBuildFile; fileRef = 82CB25DF2531B5ED00BA3EE7 /* Assets.xcassets */; };
		82CB25E32531B5ED00BA3EE7 /* Preview Assets.xcassets in Resources */ = {isa = PBXBuildFile; fileRef = 82CB25E22531B5ED00BA3EE7 /* Preview Assets.xcassets */; };
		82CB25F42531B96500BA3EE7 /* MaskListView.swift in Sources */ = {isa = PBXBuildFile; fileRef = 82CB25F32531B96500BA3EE7 /* MaskListView.swift */; };
		82CB25FA2531BBFB00BA3EE7 /* Mask.xcassets in Resources */ = {isa = PBXBuildFile; fileRef = 82CB25F92531BBFB00BA3EE7 /* Mask.xcassets */; };
		82CB25FD2531C36200BA3EE7 /* helpers.swift in Sources */ = {isa = PBXBuildFile; fileRef = 82CB25FC2531C36200BA3EE7 /* helpers.swift */; };
		82DEAAD9253387DE00CAD907 /* MaskListItemView.swift in Sources */ = {isa = PBXBuildFile; fileRef = 8257B6962531DF8400C2AE69 /* MaskListItemView.swift */; };
		82DEAAEA2533886C00CAD907 /* NewMaskListItemView.swift in Sources */ = {isa = PBXBuildFile; fileRef = 8257B6B52531FA4D00C2AE69 /* NewMaskListItemView.swift */; };
		82DEAAEE2533888200CAD907 /* MaskDetailView.swift in Sources */ = {isa = PBXBuildFile; fileRef = 82CB25FF2531C61D00BA3EE7 /* MaskDetailView.swift */; };
		82DEAB1325338C0A00CAD907 /* WidgetKit.framework in Frameworks */ = {isa = PBXBuildFile; fileRef = 82DEAB1225338C0A00CAD907 /* WidgetKit.framework */; };
		82DEAB1525338C0A00CAD907 /* SwiftUI.framework in Frameworks */ = {isa = PBXBuildFile; fileRef = 82DEAB1425338C0A00CAD907 /* SwiftUI.framework */; };
		82DEAB1825338C0A00CAD907 /* Mask_Tracker_Widget.swift in Sources */ = {isa = PBXBuildFile; fileRef = 82DEAB1725338C0A00CAD907 /* Mask_Tracker_Widget.swift */; };
		82DEAB1B25338C0B00CAD907 /* Assets.xcassets in Resources */ = {isa = PBXBuildFile; fileRef = 82DEAB1A25338C0B00CAD907 /* Assets.xcassets */; };
		82DEAB1D25338C0B00CAD907 /* Mask_Tracker_Widget.intentdefinition in Sources */ = {isa = PBXBuildFile; fileRef = 82DEAB1925338C0A00CAD907 /* Mask_Tracker_Widget.intentdefinition */; };
		82DEAB1E25338C0B00CAD907 /* Mask_Tracker_Widget.intentdefinition in Sources */ = {isa = PBXBuildFile; fileRef = 82DEAB1925338C0A00CAD907 /* Mask_Tracker_Widget.intentdefinition */; };
		82DEAB2125338C0B00CAD907 /* Mask Tracker WidgetExtension.appex in Embed App Extensions */ = {isa = PBXBuildFile; fileRef = 82DEAB1025338C0A00CAD907 /* Mask Tracker WidgetExtension.appex */; settings = {ATTRIBUTES = (RemoveHeadersOnCopy, ); }; };
		82DEAB2B25338D0D00CAD907 /* MaskData+CoreDataProperties.swift in Sources */ = {isa = PBXBuildFile; fileRef = 828212A925321CE80025FB0E /* MaskData+CoreDataProperties.swift */; };
		82DEAB3125338F1D00CAD907 /* Persistance.swift in Sources */ = {isa = PBXBuildFile; fileRef = 8257B6DD25320FE700C2AE69 /* Persistance.swift */; };
		82DEAB342533913000CAD907 /* MaskData.xcdatamodeld in Sources */ = {isa = PBXBuildFile; fileRef = 8257B6F42532177A00C2AE69 /* MaskData.xcdatamodeld */; };
		82DEAB372533932900CAD907 /* Localizable.strings in Resources */ = {isa = PBXBuildFile; fileRef = 82B0E0132533503F000CFF93 /* Localizable.strings */; };
		82DEAB472533A0E400CAD907 /* helpers.swift in Sources */ = {isa = PBXBuildFile; fileRef = 82CB25FC2531C36200BA3EE7 /* helpers.swift */; };
		82DEAB502533AA3F00CAD907 /* Colors.xcassets in Resources */ = {isa = PBXBuildFile; fileRef = 8257B6B22531EF5300C2AE69 /* Colors.xcassets */; };
		82DEAB532533AA7500CAD907 /* Mask.xcassets in Resources */ = {isa = PBXBuildFile; fileRef = 82CB25F92531BBFB00BA3EE7 /* Mask.xcassets */; };
		82F88CF7253C65A000BB9EE7 /* UserSettings.swift in Sources */ = {isa = PBXBuildFile; fileRef = 82F88CF6253C65A000BB9EE7 /* UserSettings.swift */; };
		82FE6F13255B452A00656DB0 /* CloudKit.framework in Frameworks */ = {isa = PBXBuildFile; fileRef = 82FE6F12255B452A00656DB0 /* CloudKit.framework */; };
/* End PBXBuildFile section */

/* Begin PBXContainerItemProxy section */
		82AF054A253AFCEC003A1F2D /* PBXContainerItemProxy */ = {
			isa = PBXContainerItemProxy;
			containerPortal = 82CB25D02531B5ED00BA3EE7 /* Project object */;
			proxyType = 1;
			remoteGlobalIDString = 82AF0547253AFCEC003A1F2D;
			remoteInfo = "Mask Tracker Watch App Extension";
		};
		82AF055E253AFCED003A1F2D /* PBXContainerItemProxy */ = {
			isa = PBXContainerItemProxy;
			containerPortal = 82CB25D02531B5ED00BA3EE7 /* Project object */;
			proxyType = 1;
			remoteGlobalIDString = 82AF053E253AFCEB003A1F2D;
			remoteInfo = "Mask Tracker Watch App";
		};
		82DEAB1F25338C0B00CAD907 /* PBXContainerItemProxy */ = {
			isa = PBXContainerItemProxy;
			containerPortal = 82CB25D02531B5ED00BA3EE7 /* Project object */;
			proxyType = 1;
			remoteGlobalIDString = 82DEAB0F25338C0A00CAD907;
			remoteInfo = "Mask Tracker WidgetExtension";
		};
/* End PBXContainerItemProxy section */

/* Begin PBXCopyFilesBuildPhase section */
		82AF0563253AFCED003A1F2D /* Embed App Extensions */ = {
			isa = PBXCopyFilesBuildPhase;
			buildActionMask = 2147483647;
			dstPath = "";
			dstSubfolderSpec = 13;
			files = (
				82AF0549253AFCEC003A1F2D /* Mask Tracker Watch App Extension.appex in Embed App Extensions */,
			);
			name = "Embed App Extensions";
			runOnlyForDeploymentPostprocessing = 0;
		};
		82DEAA8B2533860200CAD907 /* Embed Watch Content */ = {
			isa = PBXCopyFilesBuildPhase;
			buildActionMask = 2147483647;
			dstPath = "$(CONTENTS_FOLDER_PATH)/Watch";
			dstSubfolderSpec = 16;
			files = (
				82AF0560253AFCED003A1F2D /* Mask Tracker Watch App.app in Embed Watch Content */,
			);
			name = "Embed Watch Content";
			runOnlyForDeploymentPostprocessing = 0;
		};
		82DEAB2525338C0B00CAD907 /* Embed App Extensions */ = {
			isa = PBXCopyFilesBuildPhase;
			buildActionMask = 2147483647;
			dstPath = "";
			dstSubfolderSpec = 13;
			files = (
				82DEAB2125338C0B00CAD907 /* Mask Tracker WidgetExtension.appex in Embed App Extensions */,
			);
			name = "Embed App Extensions";
			runOnlyForDeploymentPostprocessing = 0;
		};
/* End PBXCopyFilesBuildPhase section */

/* Begin PBXFileReference section */
		82377ACC2538FD140090E084 /* InformationView.swift */ = {isa = PBXFileReference; lastKnownFileType = sourcecode.swift; name = InformationView.swift; path = "Mask Tracker/WelcomeView/InformationView.swift"; sourceTree = SOURCE_ROOT; };
		82377AD22538FDC90090E084 /* InformationContainerView.swift */ = {isa = PBXFileReference; lastKnownFileType = sourcecode.swift; name = InformationContainerView.swift; path = "Mask Tracker/WelcomeView/InformationContainerView.swift"; sourceTree = SOURCE_ROOT; };
		82377AD62538FDFA0090E084 /* WelcomeTitleView.swift */ = {isa = PBXFileReference; lastKnownFileType = sourcecode.swift; name = WelcomeTitleView.swift; path = "Mask Tracker/WelcomeView/WelcomeTitleView.swift"; sourceTree = SOURCE_ROOT; };
		82377ADA2538FE5E0090E084 /* modifiers.swift */ = {isa = PBXFileReference; lastKnownFileType = sourcecode.swift; name = modifiers.swift; path = "Mask Tracker/WelcomeView/modifiers.swift"; sourceTree = SOURCE_ROOT; };
		82377ADE2538FEBA0090E084 /* WelcomeView.swift */ = {isa = PBXFileReference; lastKnownFileType = sourcecode.swift; name = WelcomeView.swift; path = "Mask Tracker/WelcomeView/WelcomeView.swift"; sourceTree = SOURCE_ROOT; };
		8257B6962531DF8400C2AE69 /* MaskListItemView.swift */ = {isa = PBXFileReference; lastKnownFileType = sourcecode.swift; name = MaskListItemView.swift; path = "Mask Tracker/List/MaskListItemView.swift"; sourceTree = SOURCE_ROOT; };
		8257B6A82531E5A500C2AE69 /* .swiftlint.yml */ = {isa = PBXFileReference; lastKnownFileType = text.yaml; path = .swiftlint.yml; sourceTree = "<group>"; };
		8257B6AC2531E84900C2AE69 /* NewMaskView.swift */ = {isa = PBXFileReference; lastKnownFileType = sourcecode.swift; name = NewMaskView.swift; path = "Mask Tracker/New Mask/NewMaskView.swift"; sourceTree = SOURCE_ROOT; wrapsLines = 1; };
		8257B6AF2531ECF800C2AE69 /* CardView.swift */ = {isa = PBXFileReference; lastKnownFileType = sourcecode.swift; name = CardView.swift; path = "Mask Tracker/Components/CardView.swift"; sourceTree = SOURCE_ROOT; };
		8257B6B22531EF5300C2AE69 /* Colors.xcassets */ = {isa = PBXFileReference; lastKnownFileType = folder.assetcatalog; path = Colors.xcassets; sourceTree = "<group>"; };
		8257B6B52531FA4D00C2AE69 /* NewMaskListItemView.swift */ = {isa = PBXFileReference; lastKnownFileType = sourcecode.swift; name = NewMaskListItemView.swift; path = "Mask Tracker/List/NewMaskListItemView.swift"; sourceTree = SOURCE_ROOT; };
		8257B6DD25320FE700C2AE69 /* Persistance.swift */ = {isa = PBXFileReference; lastKnownFileType = sourcecode.swift; name = Persistance.swift; path = "Mask Tracker/Data/Persistance.swift"; sourceTree = SOURCE_ROOT; };
		8257B6F52532177A00C2AE69 /* MaskData.xcdatamodel */ = {isa = PBXFileReference; lastKnownFileType = wrapper.xcdatamodel; path = MaskData.xcdatamodel; sourceTree = "<group>"; };
		827A0EFD255BE29E00738ED7 /* Main.swift */ = {isa = PBXFileReference; lastKnownFileType = sourcecode.swift; path = Main.swift; sourceTree = "<group>"; };
		828212A825321CE80025FB0E /* MaskData+CoreDataClass.swift */ = {isa = PBXFileReference; lastKnownFileType = sourcecode.swift; path = "MaskData+CoreDataClass.swift"; sourceTree = SOURCE_ROOT; };
		828212A925321CE80025FB0E /* MaskData+CoreDataProperties.swift */ = {isa = PBXFileReference; lastKnownFileType = sourcecode.swift; name = "MaskData+CoreDataProperties.swift"; path = "Mask Tracker/Data/MaskData+CoreDataProperties.swift"; sourceTree = SOURCE_ROOT; };
		82AF053F253AFCEB003A1F2D /* Mask Tracker Watch App.app */ = {isa = PBXFileReference; explicitFileType = wrapper.application; includeInIndex = 0; path = "Mask Tracker Watch App.app"; sourceTree = BUILT_PRODUCTS_DIR; };
		82AF0541253AFCEC003A1F2D /* Assets.xcassets */ = {isa = PBXFileReference; lastKnownFileType = folder.assetcatalog; path = Assets.xcassets; sourceTree = "<group>"; };
		82AF0543253AFCEC003A1F2D /* Info.plist */ = {isa = PBXFileReference; lastKnownFileType = text.plist.xml; path = Info.plist; sourceTree = "<group>"; };
		82AF0548253AFCEC003A1F2D /* Mask Tracker Watch App Extension.appex */ = {isa = PBXFileReference; explicitFileType = "wrapper.app-extension"; includeInIndex = 0; path = "Mask Tracker Watch App Extension.appex"; sourceTree = BUILT_PRODUCTS_DIR; };
		82AF054D253AFCEC003A1F2D /* Mask_TrackerApp.swift */ = {isa = PBXFileReference; lastKnownFileType = sourcecode.swift; path = Mask_TrackerApp.swift; sourceTree = "<group>"; };
		82AF054F253AFCEC003A1F2D /* ContentView.swift */ = {isa = PBXFileReference; lastKnownFileType = sourcecode.swift; name = ContentView.swift; path = "Mask Tracker Watch App Extension/List/ContentView.swift"; sourceTree = SOURCE_ROOT; };
		82AF0551253AFCEC003A1F2D /* NotificationController.swift */ = {isa = PBXFileReference; lastKnownFileType = sourcecode.swift; path = NotificationController.swift; sourceTree = "<group>"; };
		82AF0553253AFCEC003A1F2D /* NotificationView.swift */ = {isa = PBXFileReference; lastKnownFileType = sourcecode.swift; path = NotificationView.swift; sourceTree = "<group>"; };
		82AF0555253AFCEC003A1F2D /* ComplicationController.swift */ = {isa = PBXFileReference; lastKnownFileType = sourcecode.swift; path = ComplicationController.swift; sourceTree = "<group>"; };
		82AF0557253AFCED003A1F2D /* Assets.xcassets */ = {isa = PBXFileReference; lastKnownFileType = folder.assetcatalog; path = Assets.xcassets; sourceTree = "<group>"; };
		82AF055A253AFCED003A1F2D /* Preview Assets.xcassets */ = {isa = PBXFileReference; lastKnownFileType = folder.assetcatalog; path = "Preview Assets.xcassets"; sourceTree = "<group>"; };
		82AF055C253AFCED003A1F2D /* Info.plist */ = {isa = PBXFileReference; lastKnownFileType = text.plist.xml; path = Info.plist; sourceTree = "<group>"; };
		82AF055D253AFCED003A1F2D /* PushNotificationPayload.apns */ = {isa = PBXFileReference; lastKnownFileType = text; path = PushNotificationPayload.apns; sourceTree = "<group>"; };
		82AF0579253AFE2F003A1F2D /* Mask Tracker Watch App Extension.entitlements */ = {isa = PBXFileReference; lastKnownFileType = text.plist.entitlements; path = "Mask Tracker Watch App Extension.entitlements"; sourceTree = "<group>"; };
		82AF057A253AFE39003A1F2D /* Mask Tracker Watch App.entitlements */ = {isa = PBXFileReference; lastKnownFileType = text.plist.entitlements; path = "Mask Tracker Watch App.entitlements"; sourceTree = "<group>"; };
		82AF058B253AFF0F003A1F2D /* MaskDataWatch.xcdatamodel */ = {isa = PBXFileReference; lastKnownFileType = wrapper.xcdatamodel; path = MaskDataWatch.xcdatamodel; sourceTree = "<group>"; };
		82AF0593253B022B003A1F2D /* Mask Tracker Watch App-Bridging-Header.h */ = {isa = PBXFileReference; lastKnownFileType = sourcecode.c.h; path = "Mask Tracker Watch App-Bridging-Header.h"; sourceTree = "<group>"; };
		82AF0594253B022B003A1F2D /* MaskDataWatch+CoreDataClass.swift */ = {isa = PBXFileReference; lastKnownFileType = sourcecode.swift; name = "MaskDataWatch+CoreDataClass.swift"; path = "Mask Tracker Watch App Extension/Data/MaskDataWatch+CoreDataClass.swift"; sourceTree = SOURCE_ROOT; };
		82AF0595253B022B003A1F2D /* MaskDataWatch+CoreDataProperties.swift */ = {isa = PBXFileReference; lastKnownFileType = sourcecode.swift; name = "MaskDataWatch+CoreDataProperties.swift"; path = "Mask Tracker Watch App Extension/Data/MaskDataWatch+CoreDataProperties.swift"; sourceTree = SOURCE_ROOT; };
		82AF059C253B02FE003A1F2D /* Persistance.swift */ = {isa = PBXFileReference; lastKnownFileType = sourcecode.swift; name = Persistance.swift; path = "Mask Tracker Watch App Extension/Data/Persistance.swift"; sourceTree = SOURCE_ROOT; };
		82AF064E253B0E8F003A1F2D /* MaskListItemView.swift */ = {isa = PBXFileReference; lastKnownFileType = sourcecode.swift; path = MaskListItemView.swift; sourceTree = "<group>"; };
		82AF0655253B0ECF003A1F2D /* MaskDetailView.swift */ = {isa = PBXFileReference; lastKnownFileType = sourcecode.swift; path = MaskDetailView.swift; sourceTree = "<group>"; };
		82AF0663253B163B003A1F2D /* NewMaskListItemView.swift */ = {isa = PBXFileReference; lastKnownFileType = sourcecode.swift; path = NewMaskListItemView.swift; sourceTree = "<group>"; };
		82AF066E253B16BB003A1F2D /* NewMaskView.swift */ = {isa = PBXFileReference; lastKnownFileType = sourcecode.swift; path = NewMaskView.swift; sourceTree = "<group>"; };
		82AF0679253B231D003A1F2D /* WatchCardView.swift */ = {isa = PBXFileReference; lastKnownFileType = sourcecode.swift; path = WatchCardView.swift; sourceTree = "<group>"; };
		82B0DFF925332E4F000CFF93 /* Mask Tracker.entitlements */ = {isa = PBXFileReference; lastKnownFileType = text.plist.entitlements; path = "Mask Tracker.entitlements"; sourceTree = "<group>"; };
		82B0DFFB25332EC6000CFF93 /* RIngShape.swift */ = {isa = PBXFileReference; lastKnownFileType = sourcecode.swift; name = RIngShape.swift; path = "Mask Tracker/Components/RIngShape.swift"; sourceTree = SOURCE_ROOT; };
		82B0E00225332F5D000CFF93 /* PercentageRing.swift */ = {isa = PBXFileReference; lastKnownFileType = sourcecode.swift; name = PercentageRing.swift; path = "Mask Tracker/Components/PercentageRing.swift"; sourceTree = SOURCE_ROOT; };
		82B0E0122533503F000CFF93 /* en */ = {isa = PBXFileReference; lastKnownFileType = text.plist.strings; name = en; path = en.lproj/Localizable.strings; sourceTree = "<group>"; };
		82B0E01525335057000CFF93 /* ru */ = {isa = PBXFileReference; lastKnownFileType = text.plist.strings; name = ru; path = ru.lproj/Localizable.strings; sourceTree = "<group>"; };
		82B0E01625335059000CFF93 /* uk */ = {isa = PBXFileReference; lastKnownFileType = text.plist.strings; name = uk; path = uk.lproj/Localizable.strings; sourceTree = "<group>"; };
		82CB25D82531B5ED00BA3EE7 /* Mask Tracker.app */ = {isa = PBXFileReference; explicitFileType = wrapper.application; includeInIndex = 0; path = "Mask Tracker.app"; sourceTree = BUILT_PRODUCTS_DIR; };
		82CB25DB2531B5ED00BA3EE7 /* Mask_TrackerApp.swift */ = {isa = PBXFileReference; lastKnownFileType = sourcecode.swift; name = Mask_TrackerApp.swift; path = "Mask Tracker/Mask_TrackerApp.swift"; sourceTree = SOURCE_ROOT; };
		82CB25DF2531B5ED00BA3EE7 /* Assets.xcassets */ = {isa = PBXFileReference; lastKnownFileType = folder.assetcatalog; name = Assets.xcassets; path = "Mask Tracker/Assets.xcassets"; sourceTree = SOURCE_ROOT; };
		82CB25E22531B5ED00BA3EE7 /* Preview Assets.xcassets */ = {isa = PBXFileReference; lastKnownFileType = folder.assetcatalog; path = "Preview Assets.xcassets"; sourceTree = "<group>"; };
		82CB25E42531B5ED00BA3EE7 /* Info.plist */ = {isa = PBXFileReference; lastKnownFileType = text.plist.xml; path = Info.plist; sourceTree = "<group>"; };
		82CB25F32531B96500BA3EE7 /* MaskListView.swift */ = {isa = PBXFileReference; lastKnownFileType = sourcecode.swift; name = MaskListView.swift; path = "Mask Tracker/List/MaskListView.swift"; sourceTree = SOURCE_ROOT; };
		82CB25F92531BBFB00BA3EE7 /* Mask.xcassets */ = {isa = PBXFileReference; lastKnownFileType = folder.assetcatalog; name = Mask.xcassets; path = "Mask Tracker/Mask.xcassets"; sourceTree = SOURCE_ROOT; };
		82CB25FC2531C36200BA3EE7 /* helpers.swift */ = {isa = PBXFileReference; lastKnownFileType = sourcecode.swift; name = helpers.swift; path = "Mask Tracker/helpers.swift"; sourceTree = SOURCE_ROOT; };
		82CB25FF2531C61D00BA3EE7 /* MaskDetailView.swift */ = {isa = PBXFileReference; lastKnownFileType = sourcecode.swift; name = MaskDetailView.swift; path = "Mask Tracker/Details/MaskDetailView.swift"; sourceTree = SOURCE_ROOT; };
		82DEAB1025338C0A00CAD907 /* Mask Tracker WidgetExtension.appex */ = {isa = PBXFileReference; explicitFileType = "wrapper.app-extension"; includeInIndex = 0; path = "Mask Tracker WidgetExtension.appex"; sourceTree = BUILT_PRODUCTS_DIR; };
		82DEAB1225338C0A00CAD907 /* WidgetKit.framework */ = {isa = PBXFileReference; lastKnownFileType = wrapper.framework; name = WidgetKit.framework; path = System/Library/Frameworks/WidgetKit.framework; sourceTree = SDKROOT; };
		82DEAB1425338C0A00CAD907 /* SwiftUI.framework */ = {isa = PBXFileReference; lastKnownFileType = wrapper.framework; name = SwiftUI.framework; path = System/Library/Frameworks/SwiftUI.framework; sourceTree = SDKROOT; };
		82DEAB1725338C0A00CAD907 /* Mask_Tracker_Widget.swift */ = {isa = PBXFileReference; lastKnownFileType = sourcecode.swift; path = Mask_Tracker_Widget.swift; sourceTree = "<group>"; };
		82DEAB1925338C0A00CAD907 /* Mask_Tracker_Widget.intentdefinition */ = {isa = PBXFileReference; lastKnownFileType = file.intentdefinition; path = Mask_Tracker_Widget.intentdefinition; sourceTree = "<group>"; };
		82DEAB1A25338C0B00CAD907 /* Assets.xcassets */ = {isa = PBXFileReference; lastKnownFileType = folder.assetcatalog; path = Assets.xcassets; sourceTree = "<group>"; };
		82DEAB1C25338C0B00CAD907 /* Info.plist */ = {isa = PBXFileReference; lastKnownFileType = text.plist.xml; path = Info.plist; sourceTree = "<group>"; };
		82DEAB2825338C1200CAD907 /* Mask Tracker WidgetExtension.entitlements */ = {isa = PBXFileReference; lastKnownFileType = text.plist.entitlements; path = "Mask Tracker WidgetExtension.entitlements"; sourceTree = "<group>"; };
		82F88CF6253C65A000BB9EE7 /* UserSettings.swift */ = {isa = PBXFileReference; lastKnownFileType = sourcecode.swift; path = UserSettings.swift; sourceTree = "<group>"; };
		82FE6F12255B452A00656DB0 /* CloudKit.framework */ = {isa = PBXFileReference; lastKnownFileType = wrapper.framework; name = CloudKit.framework; path = System/Library/Frameworks/CloudKit.framework; sourceTree = SDKROOT; };
/* End PBXFileReference section */

/* Begin PBXFrameworksBuildPhase section */
		82AF0545253AFCEC003A1F2D /* Frameworks */ = {
			isa = PBXFrameworksBuildPhase;
			buildActionMask = 2147483647;
			files = (
			);
			runOnlyForDeploymentPostprocessing = 0;
		};
		82CB25D52531B5ED00BA3EE7 /* Frameworks */ = {
			isa = PBXFrameworksBuildPhase;
			buildActionMask = 2147483647;
			files = (
				82FE6F13255B452A00656DB0 /* CloudKit.framework in Frameworks */,
			);
			runOnlyForDeploymentPostprocessing = 0;
		};
		82DEAB0D25338C0A00CAD907 /* Frameworks */ = {
			isa = PBXFrameworksBuildPhase;
			buildActionMask = 2147483647;
			files = (
				82DEAB1525338C0A00CAD907 /* SwiftUI.framework in Frameworks */,
				82DEAB1325338C0A00CAD907 /* WidgetKit.framework in Frameworks */,
			);
			runOnlyForDeploymentPostprocessing = 0;
		};
/* End PBXFrameworksBuildPhase section */

/* Begin PBXGroup section */
		82377ACB2538FCFB0090E084 /* WelcomeView */ = {
			isa = PBXGroup;
			children = (
				82377ACC2538FD140090E084 /* InformationView.swift */,
				82377AD22538FDC90090E084 /* InformationContainerView.swift */,
				82377AD62538FDFA0090E084 /* WelcomeTitleView.swift */,
				82377ADA2538FE5E0090E084 /* modifiers.swift */,
				82377ADE2538FEBA0090E084 /* WelcomeView.swift */,
			);
			path = WelcomeView;
			sourceTree = "<group>";
		};
		82AF0540253AFCEB003A1F2D /* Mask Tracker Watch App */ = {
			isa = PBXGroup;
			children = (
				82AF057A253AFE39003A1F2D /* Mask Tracker Watch App.entitlements */,
				82AF0541253AFCEC003A1F2D /* Assets.xcassets */,
				82AF0543253AFCEC003A1F2D /* Info.plist */,
			);
			path = "Mask Tracker Watch App";
			sourceTree = "<group>";
		};
		82AF054C253AFCEC003A1F2D /* Mask Tracker Watch App Extension */ = {
			isa = PBXGroup;
			children = (
				82AF0678253B2312003A1F2D /* Components */,
				82AF066D253B16AE003A1F2D /* New Mask */,
				82AF0654253B0EC0003A1F2D /* Details */,
				82AF064D253B0E6D003A1F2D /* List */,
				82AF0592253AFF5F003A1F2D /* Data */,
				82AF0579253AFE2F003A1F2D /* Mask Tracker Watch App Extension.entitlements */,
				82AF054D253AFCEC003A1F2D /* Mask_TrackerApp.swift */,
				82AF0551253AFCEC003A1F2D /* NotificationController.swift */,
				82AF0553253AFCEC003A1F2D /* NotificationView.swift */,
				82AF0555253AFCEC003A1F2D /* ComplicationController.swift */,
				82AF0557253AFCED003A1F2D /* Assets.xcassets */,
				82AF055C253AFCED003A1F2D /* Info.plist */,
				82AF055D253AFCED003A1F2D /* PushNotificationPayload.apns */,
				82AF0559253AFCED003A1F2D /* Preview Content */,
			);
			path = "Mask Tracker Watch App Extension";
			sourceTree = "<group>";
		};
		82AF0559253AFCED003A1F2D /* Preview Content */ = {
			isa = PBXGroup;
			children = (
				82AF055A253AFCED003A1F2D /* Preview Assets.xcassets */,
			);
			path = "Preview Content";
			sourceTree = "<group>";
		};
		82AF0591253AFF49003A1F2D /* Data */ = {
			isa = PBXGroup;
			children = (
				828212A825321CE80025FB0E /* MaskData+CoreDataClass.swift */,
				828212A925321CE80025FB0E /* MaskData+CoreDataProperties.swift */,
				8257B6DD25320FE700C2AE69 /* Persistance.swift */,
				8257B6F42532177A00C2AE69 /* MaskData.xcdatamodeld */,
			);
			path = Data;
			sourceTree = "<group>";
		};
		82AF0592253AFF5F003A1F2D /* Data */ = {
			isa = PBXGroup;
			children = (
				82AF0594253B022B003A1F2D /* MaskDataWatch+CoreDataClass.swift */,
				82AF0595253B022B003A1F2D /* MaskDataWatch+CoreDataProperties.swift */,
				82AF058A253AFF0F003A1F2D /* MaskDataWatch.xcdatamodeld */,
				82AF059C253B02FE003A1F2D /* Persistance.swift */,
			);
			path = Data;
			sourceTree = "<group>";
		};
		82AF0610253B0CB8003A1F2D /* New Mask */ = {
			isa = PBXGroup;
			children = (
				8257B6AC2531E84900C2AE69 /* NewMaskView.swift */,
			);
			path = "New Mask";
			sourceTree = "<group>";
		};
		82AF0611253B0CCB003A1F2D /* Components */ = {
			isa = PBXGroup;
			children = (
				8257B6AF2531ECF800C2AE69 /* CardView.swift */,
				82B0DFFB25332EC6000CFF93 /* RIngShape.swift */,
				82B0E00225332F5D000CFF93 /* PercentageRing.swift */,
			);
			path = Components;
			sourceTree = "<group>";
		};
		82AF0616253B0CD7003A1F2D /* List */ = {
			isa = PBXGroup;
			children = (
				8257B6962531DF8400C2AE69 /* MaskListItemView.swift */,
				8257B6B52531FA4D00C2AE69 /* NewMaskListItemView.swift */,
				82CB25F32531B96500BA3EE7 /* MaskListView.swift */,
			);
			path = List;
			sourceTree = "<group>";
		};
		82AF0617253B0CEA003A1F2D /* Details */ = {
			isa = PBXGroup;
			children = (
				82CB25FF2531C61D00BA3EE7 /* MaskDetailView.swift */,
			);
			path = Details;
			sourceTree = "<group>";
		};
		82AF064D253B0E6D003A1F2D /* List */ = {
			isa = PBXGroup;
			children = (
				82AF054F253AFCEC003A1F2D /* ContentView.swift */,
				82AF064E253B0E8F003A1F2D /* MaskListItemView.swift */,
				82AF0663253B163B003A1F2D /* NewMaskListItemView.swift */,
			);
			path = List;
			sourceTree = "<group>";
		};
		82AF0654253B0EC0003A1F2D /* Details */ = {
			isa = PBXGroup;
			children = (
				82AF0655253B0ECF003A1F2D /* MaskDetailView.swift */,
			);
			path = Details;
			sourceTree = "<group>";
		};
		82AF066D253B16AE003A1F2D /* New Mask */ = {
			isa = PBXGroup;
			children = (
				82AF066E253B16BB003A1F2D /* NewMaskView.swift */,
			);
			path = "New Mask";
			sourceTree = "<group>";
		};
		82AF0678253B2312003A1F2D /* Components */ = {
			isa = PBXGroup;
			children = (
				82AF0679253B231D003A1F2D /* WatchCardView.swift */,
			);
			path = Components;
			sourceTree = "<group>";
		};
		82CB25CF2531B5ED00BA3EE7 = {
			isa = PBXGroup;
			children = (
				82DEAB2825338C1200CAD907 /* Mask Tracker WidgetExtension.entitlements */,
				8257B6A82531E5A500C2AE69 /* .swiftlint.yml */,
				82CB25DA2531B5ED00BA3EE7 /* Mask Tracker */,
				82DEAB1625338C0A00CAD907 /* Mask Tracker Widget */,
				82AF0540253AFCEB003A1F2D /* Mask Tracker Watch App */,
				82AF054C253AFCEC003A1F2D /* Mask Tracker Watch App Extension */,
				82DEAB1125338C0A00CAD907 /* Frameworks */,
				82CB25D92531B5ED00BA3EE7 /* Products */,
				82AF0593253B022B003A1F2D /* Mask Tracker Watch App-Bridging-Header.h */,
			);
			sourceTree = "<group>";
		};
		82CB25D92531B5ED00BA3EE7 /* Products */ = {
			isa = PBXGroup;
			children = (
				82CB25D82531B5ED00BA3EE7 /* Mask Tracker.app */,
				82DEAB1025338C0A00CAD907 /* Mask Tracker WidgetExtension.appex */,
				82AF053F253AFCEB003A1F2D /* Mask Tracker Watch App.app */,
				82AF0548253AFCEC003A1F2D /* Mask Tracker Watch App Extension.appex */,
			);
			name = Products;
			sourceTree = "<group>";
		};
		82CB25DA2531B5ED00BA3EE7 /* Mask Tracker */ = {
			isa = PBXGroup;
			children = (
				82B0E0132533503F000CFF93 /* Localizable.strings */,
				82AF0617253B0CEA003A1F2D /* Details */,
				82AF0616253B0CD7003A1F2D /* List */,
				82AF0611253B0CCB003A1F2D /* Components */,
				82AF0610253B0CB8003A1F2D /* New Mask */,
				82AF0591253AFF49003A1F2D /* Data */,
				82377ACB2538FCFB0090E084 /* WelcomeView */,
				82B0DFF925332E4F000CFF93 /* Mask Tracker.entitlements */,
				827A0EFD255BE29E00738ED7 /* Main.swift */,
				82CB25DB2531B5ED00BA3EE7 /* Mask_TrackerApp.swift */,
				82CB25DF2531B5ED00BA3EE7 /* Assets.xcassets */,
				82CB25E42531B5ED00BA3EE7 /* Info.plist */,
				82CB25E12531B5ED00BA3EE7 /* Preview Content */,
				82CB25FC2531C36200BA3EE7 /* helpers.swift */,
				82CB25F92531BBFB00BA3EE7 /* Mask.xcassets */,
				8257B6B22531EF5300C2AE69 /* Colors.xcassets */,
				82F88CF6253C65A000BB9EE7 /* UserSettings.swift */,
			);
			path = "Mask Tracker";
			sourceTree = SOURCE_ROOT;
		};
		82CB25E12531B5ED00BA3EE7 /* Preview Content */ = {
			isa = PBXGroup;
			children = (
				82CB25E22531B5ED00BA3EE7 /* Preview Assets.xcassets */,
			);
			name = "Preview Content";
			path = "Mask Tracker/Preview Content";
			sourceTree = SOURCE_ROOT;
		};
		82DEAB1125338C0A00CAD907 /* Frameworks */ = {
			isa = PBXGroup;
			children = (
				82FE6F12255B452A00656DB0 /* CloudKit.framework */,
				82DEAB1225338C0A00CAD907 /* WidgetKit.framework */,
				82DEAB1425338C0A00CAD907 /* SwiftUI.framework */,
			);
			name = Frameworks;
			sourceTree = "<group>";
		};
		82DEAB1625338C0A00CAD907 /* Mask Tracker Widget */ = {
			isa = PBXGroup;
			children = (
				82DEAB1725338C0A00CAD907 /* Mask_Tracker_Widget.swift */,
				82DEAB1925338C0A00CAD907 /* Mask_Tracker_Widget.intentdefinition */,
				82DEAB1A25338C0B00CAD907 /* Assets.xcassets */,
				82DEAB1C25338C0B00CAD907 /* Info.plist */,
			);
			path = "Mask Tracker Widget";
			sourceTree = "<group>";
		};
/* End PBXGroup section */

/* Begin PBXNativeTarget section */
		82AF053E253AFCEB003A1F2D /* Mask Tracker Watch App */ = {
			isa = PBXNativeTarget;
			buildConfigurationList = 82AF0567253AFCED003A1F2D /* Build configuration list for PBXNativeTarget "Mask Tracker Watch App" */;
			buildPhases = (
				82AF053D253AFCEB003A1F2D /* Resources */,
				82AF0563253AFCED003A1F2D /* Embed App Extensions */,
			);
			buildRules = (
			);
			dependencies = (
				82AF054B253AFCEC003A1F2D /* PBXTargetDependency */,
			);
			name = "Mask Tracker Watch App";
			productName = "Mask Tracker Watch App";
			productReference = 82AF053F253AFCEB003A1F2D /* Mask Tracker Watch App.app */;
			productType = "com.apple.product-type.application.watchapp2";
		};
		82AF0547253AFCEC003A1F2D /* Mask Tracker Watch App Extension */ = {
			isa = PBXNativeTarget;
			buildConfigurationList = 82AF0566253AFCED003A1F2D /* Build configuration list for PBXNativeTarget "Mask Tracker Watch App Extension" */;
			buildPhases = (
				82AF0544253AFCEC003A1F2D /* Sources */,
				82AF0545253AFCEC003A1F2D /* Frameworks */,
				82AF0546253AFCEC003A1F2D /* Resources */,
			);
			buildRules = (
			);
			dependencies = (
			);
			name = "Mask Tracker Watch App Extension";
			productName = "Mask Tracker Watch App Extension";
			productReference = 82AF0548253AFCEC003A1F2D /* Mask Tracker Watch App Extension.appex */;
			productType = "com.apple.product-type.watchkit2-extension";
		};
		82CB25D72531B5ED00BA3EE7 /* Mask Tracker */ = {
			isa = PBXNativeTarget;
			buildConfigurationList = 82CB25E72531B5ED00BA3EE7 /* Build configuration list for PBXNativeTarget "Mask Tracker" */;
			buildPhases = (
				82CB25D42531B5ED00BA3EE7 /* Sources */,
				82CB25D52531B5ED00BA3EE7 /* Frameworks */,
				82CB25D62531B5ED00BA3EE7 /* Resources */,
				82DEAA8B2533860200CAD907 /* Embed Watch Content */,
				82DEAB2525338C0B00CAD907 /* Embed App Extensions */,
			);
			buildRules = (
			);
			dependencies = (
				82DEAB2025338C0B00CAD907 /* PBXTargetDependency */,
				82AF055F253AFCED003A1F2D /* PBXTargetDependency */,
			);
			name = "Mask Tracker";
			productName = "Mask Tracker";
			productReference = 82CB25D82531B5ED00BA3EE7 /* Mask Tracker.app */;
			productType = "com.apple.product-type.application";
		};
		82DEAB0F25338C0A00CAD907 /* Mask Tracker WidgetExtension */ = {
			isa = PBXNativeTarget;
			buildConfigurationList = 82DEAB2225338C0B00CAD907 /* Build configuration list for PBXNativeTarget "Mask Tracker WidgetExtension" */;
			buildPhases = (
				82DEAB0C25338C0A00CAD907 /* Sources */,
				82DEAB0D25338C0A00CAD907 /* Frameworks */,
				82DEAB0E25338C0A00CAD907 /* Resources */,
			);
			buildRules = (
			);
			dependencies = (
			);
			name = "Mask Tracker WidgetExtension";
			productName = "Mask Tracker WidgetExtension";
			productReference = 82DEAB1025338C0A00CAD907 /* Mask Tracker WidgetExtension.appex */;
			productType = "com.apple.product-type.app-extension";
		};
/* End PBXNativeTarget section */

/* Begin PBXProject section */
		82CB25D02531B5ED00BA3EE7 /* Project object */ = {
			isa = PBXProject;
			attributes = {
				LastSwiftUpdateCheck = 1200;
				LastUpgradeCheck = 1210;
				TargetAttributes = {
					82AF053E253AFCEB003A1F2D = {
						CreatedOnToolsVersion = 12.0.1;
						LastSwiftMigration = 1200;
					};
					82AF0547253AFCEC003A1F2D = {
						CreatedOnToolsVersion = 12.0.1;
					};
					82CB25D72531B5ED00BA3EE7 = {
						CreatedOnToolsVersion = 12.0.1;
					};
					82DEAB0F25338C0A00CAD907 = {
						CreatedOnToolsVersion = 12.0.1;
					};
				};
			};
			buildConfigurationList = 82CB25D32531B5ED00BA3EE7 /* Build configuration list for PBXProject "Mask Tracker" */;
			compatibilityVersion = "Xcode 9.3";
			developmentRegion = en;
			hasScannedForEncodings = 0;
			knownRegions = (
				en,
				uk,
				ru,
				Base,
			);
			mainGroup = 82CB25CF2531B5ED00BA3EE7;
			productRefGroup = 82CB25D92531B5ED00BA3EE7 /* Products */;
			projectDirPath = "";
			projectRoot = "";
			targets = (
				82CB25D72531B5ED00BA3EE7 /* Mask Tracker */,
				82DEAB0F25338C0A00CAD907 /* Mask Tracker WidgetExtension */,
				82AF053E253AFCEB003A1F2D /* Mask Tracker Watch App */,
				82AF0547253AFCEC003A1F2D /* Mask Tracker Watch App Extension */,
			);
		};
/* End PBXProject section */

/* Begin PBXResourcesBuildPhase section */
		82AF053D253AFCEB003A1F2D /* Resources */ = {
			isa = PBXResourcesBuildPhase;
			buildActionMask = 2147483647;
			files = (
				82AF0542253AFCEC003A1F2D /* Assets.xcassets in Resources */,
				82AF062C253B0D70003A1F2D /* Localizable.strings in Resources */,
				82AF0601253B0C78003A1F2D /* Colors.xcassets in Resources */,
				82AF060B253B0C7B003A1F2D /* Mask.xcassets in Resources */,
			);
			runOnlyForDeploymentPostprocessing = 0;
		};
		82AF0546253AFCEC003A1F2D /* Resources */ = {
			isa = PBXResourcesBuildPhase;
			buildActionMask = 2147483647;
			files = (
				82AF0627253B0D6F003A1F2D /* Localizable.strings in Resources */,
				82AF05FC253B0C77003A1F2D /* Colors.xcassets in Resources */,
				82AF0606253B0C7B003A1F2D /* Mask.xcassets in Resources */,
				82AF055B253AFCED003A1F2D /* Preview Assets.xcassets in Resources */,
				82AF0558253AFCED003A1F2D /* Assets.xcassets in Resources */,
			);
			runOnlyForDeploymentPostprocessing = 0;
		};
		82CB25D62531B5ED00BA3EE7 /* Resources */ = {
			isa = PBXResourcesBuildPhase;
			buildActionMask = 2147483647;
			files = (
				8257B6B32531EF5300C2AE69 /* Colors.xcassets in Resources */,
				82B0E0112533503F000CFF93 /* Localizable.strings in Resources */,
				8257B6A92531E5A500C2AE69 /* .swiftlint.yml in Resources */,
				82CB25E32531B5ED00BA3EE7 /* Preview Assets.xcassets in Resources */,
				82CB25E02531B5ED00BA3EE7 /* Assets.xcassets in Resources */,
				82CB25FA2531BBFB00BA3EE7 /* Mask.xcassets in Resources */,
			);
			runOnlyForDeploymentPostprocessing = 0;
		};
		82DEAB0E25338C0A00CAD907 /* Resources */ = {
			isa = PBXResourcesBuildPhase;
			buildActionMask = 2147483647;
			files = (
				82DEAB502533AA3F00CAD907 /* Colors.xcassets in Resources */,
				82DEAB532533AA7500CAD907 /* Mask.xcassets in Resources */,
				82DEAB1B25338C0B00CAD907 /* Assets.xcassets in Resources */,
				82DEAB372533932900CAD907 /* Localizable.strings in Resources */,
			);
			runOnlyForDeploymentPostprocessing = 0;
		};
/* End PBXResourcesBuildPhase section */

/* Begin PBXSourcesBuildPhase section */
		82AF0544253AFCEC003A1F2D /* Sources */ = {
			isa = PBXSourcesBuildPhase;
			buildActionMask = 2147483647;
			files = (
				82AF05F7253B0B98003A1F2D /* helpers.swift in Sources */,
				82AF0664253B163B003A1F2D /* NewMaskListItemView.swift in Sources */,
				82AF067A253B231D003A1F2D /* WatchCardView.swift in Sources */,
				82AF0552253AFCEC003A1F2D /* NotificationController.swift in Sources */,
				82AF0634253B0D92003A1F2D /* PercentageRing.swift in Sources */,
				82AF066F253B16BB003A1F2D /* NewMaskView.swift in Sources */,
				82AF0597253B022B003A1F2D /* MaskDataWatch+CoreDataProperties.swift in Sources */,
				82AF0550253AFCEC003A1F2D /* ContentView.swift in Sources */,
				82AF0556253AFCEC003A1F2D /* ComplicationController.swift in Sources */,
				82AF054E253AFCEC003A1F2D /* Mask_TrackerApp.swift in Sources */,
				82AF059D253B02FE003A1F2D /* Persistance.swift in Sources */,
				82AF0656253B0ECF003A1F2D /* MaskDetailView.swift in Sources */,
				82AF0554253AFCEC003A1F2D /* NotificationView.swift in Sources */,
				82AF0596253B022B003A1F2D /* MaskDataWatch+CoreDataClass.swift in Sources */,
				82AF064F253B0E8F003A1F2D /* MaskListItemView.swift in Sources */,
				82AF058C253AFF0F003A1F2D /* MaskDataWatch.xcdatamodeld in Sources */,
				82AF0632253B0D92003A1F2D /* RIngShape.swift in Sources */,
			);
			runOnlyForDeploymentPostprocessing = 0;
		};
		82CB25D42531B5ED00BA3EE7 /* Sources */ = {
			isa = PBXSourcesBuildPhase;
			buildActionMask = 2147483647;
			files = (
				82DEAB1E25338C0B00CAD907 /* Mask_Tracker_Widget.intentdefinition in Sources */,
				82377ACD2538FD140090E084 /* InformationView.swift in Sources */,
				82B0E00325332F5D000CFF93 /* PercentageRing.swift in Sources */,
				82377ADB2538FE5E0090E084 /* modifiers.swift in Sources */,
				82F88CF7253C65A000BB9EE7 /* UserSettings.swift in Sources */,
				828212AA25321CE80025FB0E /* MaskData+CoreDataClass.swift in Sources */,
				82377AD72538FDFA0090E084 /* WelcomeTitleView.swift in Sources */,
				82377AD32538FDC90090E084 /* InformationContainerView.swift in Sources */,
				82CB25F42531B96500BA3EE7 /* MaskListView.swift in Sources */,
				82CB25DC2531B5ED00BA3EE7 /* Mask_TrackerApp.swift in Sources */,
				8257B6AD2531E84900C2AE69 /* NewMaskView.swift in Sources */,
				8257B6DE25320FE700C2AE69 /* Persistance.swift in Sources */,
				828212AB25321CE80025FB0E /* MaskData+CoreDataProperties.swift in Sources */,
				827A0EFE255BE29E00738ED7 /* Main.swift in Sources */,
				8257B6B02531ECF800C2AE69 /* CardView.swift in Sources */,
				82CB25FD2531C36200BA3EE7 /* helpers.swift in Sources */,
				82DEAAEE2533888200CAD907 /* MaskDetailView.swift in Sources */,
				82377ADF2538FEBA0090E084 /* WelcomeView.swift in Sources */,
				82DEAAEA2533886C00CAD907 /* NewMaskListItemView.swift in Sources */,
				82DEAAD9253387DE00CAD907 /* MaskListItemView.swift in Sources */,
				82B0DFFC25332EC6000CFF93 /* RIngShape.swift in Sources */,
				8257B6F62532177A00C2AE69 /* MaskData.xcdatamodeld in Sources */,
			);
			runOnlyForDeploymentPostprocessing = 0;
		};
		82DEAB0C25338C0A00CAD907 /* Sources */ = {
			isa = PBXSourcesBuildPhase;
			buildActionMask = 2147483647;
			files = (
				82DEAB1825338C0A00CAD907 /* Mask_Tracker_Widget.swift in Sources */,
				82DEAB1D25338C0B00CAD907 /* Mask_Tracker_Widget.intentdefinition in Sources */,
				82AF05BB253B0680003A1F2D /* MaskData+CoreDataClass.swift in Sources */,
				82AF0633253B0D92003A1F2D /* PercentageRing.swift in Sources */,
				82DEAB3125338F1D00CAD907 /* Persistance.swift in Sources */,
				82DEAB2B25338D0D00CAD907 /* MaskData+CoreDataProperties.swift in Sources */,
				82AF0631253B0D92003A1F2D /* RIngShape.swift in Sources */,
				82DEAB342533913000CAD907 /* MaskData.xcdatamodeld in Sources */,
				82AF061D253B0D6B003A1F2D /* CardView.swift in Sources */,
				82DEAB472533A0E400CAD907 /* helpers.swift in Sources */,
			);
			runOnlyForDeploymentPostprocessing = 0;
		};
/* End PBXSourcesBuildPhase section */

/* Begin PBXTargetDependency section */
		82AF054B253AFCEC003A1F2D /* PBXTargetDependency */ = {
			isa = PBXTargetDependency;
			target = 82AF0547253AFCEC003A1F2D /* Mask Tracker Watch App Extension */;
			targetProxy = 82AF054A253AFCEC003A1F2D /* PBXContainerItemProxy */;
		};
		82AF055F253AFCED003A1F2D /* PBXTargetDependency */ = {
			isa = PBXTargetDependency;
			target = 82AF053E253AFCEB003A1F2D /* Mask Tracker Watch App */;
			targetProxy = 82AF055E253AFCED003A1F2D /* PBXContainerItemProxy */;
		};
		82DEAB2025338C0B00CAD907 /* PBXTargetDependency */ = {
			isa = PBXTargetDependency;
			target = 82DEAB0F25338C0A00CAD907 /* Mask Tracker WidgetExtension */;
			targetProxy = 82DEAB1F25338C0B00CAD907 /* PBXContainerItemProxy */;
		};
/* End PBXTargetDependency section */

/* Begin PBXVariantGroup section */
		82B0E0132533503F000CFF93 /* Localizable.strings */ = {
			isa = PBXVariantGroup;
			children = (
				82B0E0122533503F000CFF93 /* en */,
				82B0E01525335057000CFF93 /* ru */,
				82B0E01625335059000CFF93 /* uk */,
			);
			name = Localizable.strings;
			path = "Mask Tracker";
			sourceTree = SOURCE_ROOT;
		};
/* End PBXVariantGroup section */

/* Begin XCBuildConfiguration section */
		82AF0561253AFCED003A1F2D /* Debug */ = {
			isa = XCBuildConfiguration;
			buildSettings = {
				ALWAYS_EMBED_SWIFT_STANDARD_LIBRARIES = YES;
				ASSETCATALOG_COMPILER_APPICON_NAME = AppIcon;
				ASSETCATALOG_COMPILER_GLOBAL_ACCENT_COLOR_NAME = AccentColor;
				CLANG_ENABLE_MODULES = YES;
				CODE_SIGN_ENTITLEMENTS = "Mask Tracker Watch App/Mask Tracker Watch App.entitlements";
				CODE_SIGN_STYLE = Automatic;
				DEVELOPMENT_TEAM = JKAL24VVB9;
				IBSC_MODULE = Mask_Tracker_Watch_App_Extension;
				INFOPLIST_FILE = "Mask Tracker Watch App/Info.plist";
				LD_RUNPATH_SEARCH_PATHS = (
					"$(inherited)",
					"@executable_path/../Frameworks",
					"@loader_path/../Frameworks",
				);
				PRODUCT_BUNDLE_IDENTIFIER = "vladkampov.Mask-Tracker.watchkitapp";
				PRODUCT_NAME = "$(TARGET_NAME)";
				SDKROOT = watchos;
				SKIP_INSTALL = YES;
				SWIFT_OBJC_BRIDGING_HEADER = "Mask Tracker Watch App-Bridging-Header.h";
				SWIFT_OPTIMIZATION_LEVEL = "-Onone";
				SWIFT_VERSION = 5.0;
				TARGETED_DEVICE_FAMILY = 4;
				WATCHOS_DEPLOYMENT_TARGET = 7.0;
			};
			name = Debug;
		};
		82AF0562253AFCED003A1F2D /* Release */ = {
			isa = XCBuildConfiguration;
			buildSettings = {
				ALWAYS_EMBED_SWIFT_STANDARD_LIBRARIES = YES;
				ASSETCATALOG_COMPILER_APPICON_NAME = AppIcon;
				ASSETCATALOG_COMPILER_GLOBAL_ACCENT_COLOR_NAME = AccentColor;
				CLANG_ENABLE_MODULES = YES;
				CODE_SIGN_ENTITLEMENTS = "Mask Tracker Watch App/Mask Tracker Watch App.entitlements";
				CODE_SIGN_STYLE = Automatic;
				DEVELOPMENT_TEAM = JKAL24VVB9;
				IBSC_MODULE = Mask_Tracker_Watch_App_Extension;
				INFOPLIST_FILE = "Mask Tracker Watch App/Info.plist";
				LD_RUNPATH_SEARCH_PATHS = (
					"$(inherited)",
					"@executable_path/../Frameworks",
					"@loader_path/../Frameworks",
				);
				PRODUCT_BUNDLE_IDENTIFIER = "vladkampov.Mask-Tracker.watchkitapp";
				PRODUCT_NAME = "$(TARGET_NAME)";
				SDKROOT = watchos;
				SKIP_INSTALL = YES;
				SWIFT_OBJC_BRIDGING_HEADER = "Mask Tracker Watch App-Bridging-Header.h";
				SWIFT_VERSION = 5.0;
				TARGETED_DEVICE_FAMILY = 4;
				WATCHOS_DEPLOYMENT_TARGET = 7.0;
			};
			name = Release;
		};
		82AF0564253AFCED003A1F2D /* Debug */ = {
			isa = XCBuildConfiguration;
			buildSettings = {
				ASSETCATALOG_COMPILER_COMPLICATION_NAME = Complication;
				CODE_SIGN_ENTITLEMENTS = "Mask Tracker Watch App Extension/Mask Tracker Watch App Extension.entitlements";
				CODE_SIGN_STYLE = Automatic;
				DEVELOPMENT_ASSET_PATHS = "\"Mask Tracker Watch App Extension/Preview Content\"";
				DEVELOPMENT_TEAM = JKAL24VVB9;
				ENABLE_PREVIEWS = YES;
				INFOPLIST_FILE = "Mask Tracker Watch App Extension/Info.plist";
				LD_RUNPATH_SEARCH_PATHS = (
					"$(inherited)",
					"@executable_path/Frameworks",
					"@executable_path/../../Frameworks",
				);
				PRODUCT_BUNDLE_IDENTIFIER = "vladkampov.Mask-Tracker.watchkitapp.watchkitextension";
				PRODUCT_NAME = "${TARGET_NAME}";
				SDKROOT = watchos;
				SKIP_INSTALL = YES;
				SWIFT_VERSION = 5.0;
				TARGETED_DEVICE_FAMILY = 4;
				WATCHOS_DEPLOYMENT_TARGET = 7.0;
			};
			name = Debug;
		};
		82AF0565253AFCED003A1F2D /* Release */ = {
			isa = XCBuildConfiguration;
			buildSettings = {
				ASSETCATALOG_COMPILER_COMPLICATION_NAME = Complication;
				CODE_SIGN_ENTITLEMENTS = "Mask Tracker Watch App Extension/Mask Tracker Watch App Extension.entitlements";
				CODE_SIGN_STYLE = Automatic;
				DEVELOPMENT_ASSET_PATHS = "\"Mask Tracker Watch App Extension/Preview Content\"";
				DEVELOPMENT_TEAM = JKAL24VVB9;
				ENABLE_PREVIEWS = YES;
				INFOPLIST_FILE = "Mask Tracker Watch App Extension/Info.plist";
				LD_RUNPATH_SEARCH_PATHS = (
					"$(inherited)",
					"@executable_path/Frameworks",
					"@executable_path/../../Frameworks",
				);
				PRODUCT_BUNDLE_IDENTIFIER = "vladkampov.Mask-Tracker.watchkitapp.watchkitextension";
				PRODUCT_NAME = "${TARGET_NAME}";
				SDKROOT = watchos;
				SKIP_INSTALL = YES;
				SWIFT_VERSION = 5.0;
				TARGETED_DEVICE_FAMILY = 4;
				WATCHOS_DEPLOYMENT_TARGET = 7.0;
			};
			name = Release;
		};
		82CB25E52531B5ED00BA3EE7 /* Debug */ = {
			isa = XCBuildConfiguration;
			buildSettings = {
				ALWAYS_SEARCH_USER_PATHS = NO;
				CLANG_ANALYZER_LOCALIZABILITY_NONLOCALIZED = YES;
				CLANG_ANALYZER_NONNULL = YES;
				CLANG_ANALYZER_NUMBER_OBJECT_CONVERSION = YES_AGGRESSIVE;
				CLANG_CXX_LANGUAGE_STANDARD = "gnu++14";
				CLANG_CXX_LIBRARY = "libc++";
				CLANG_ENABLE_MODULES = YES;
				CLANG_ENABLE_OBJC_ARC = YES;
				CLANG_ENABLE_OBJC_WEAK = YES;
				CLANG_WARN_BLOCK_CAPTURE_AUTORELEASING = YES;
				CLANG_WARN_BOOL_CONVERSION = YES;
				CLANG_WARN_COMMA = YES;
				CLANG_WARN_CONSTANT_CONVERSION = YES;
				CLANG_WARN_DEPRECATED_OBJC_IMPLEMENTATIONS = YES;
				CLANG_WARN_DIRECT_OBJC_ISA_USAGE = YES_ERROR;
				CLANG_WARN_DOCUMENTATION_COMMENTS = YES;
				CLANG_WARN_EMPTY_BODY = YES;
				CLANG_WARN_ENUM_CONVERSION = YES;
				CLANG_WARN_INFINITE_RECURSION = YES;
				CLANG_WARN_INT_CONVERSION = YES;
				CLANG_WARN_NON_LITERAL_NULL_CONVERSION = YES;
				CLANG_WARN_OBJC_IMPLICIT_RETAIN_SELF = YES;
				CLANG_WARN_OBJC_LITERAL_CONVERSION = YES;
				CLANG_WARN_OBJC_ROOT_CLASS = YES_ERROR;
				CLANG_WARN_QUOTED_INCLUDE_IN_FRAMEWORK_HEADER = YES;
				CLANG_WARN_RANGE_LOOP_ANALYSIS = YES;
				CLANG_WARN_STRICT_PROTOTYPES = YES;
				CLANG_WARN_SUSPICIOUS_MOVE = YES;
				CLANG_WARN_UNGUARDED_AVAILABILITY = YES_AGGRESSIVE;
				CLANG_WARN_UNREACHABLE_CODE = YES;
				CLANG_WARN__DUPLICATE_METHOD_MATCH = YES;
				COPY_PHASE_STRIP = NO;
				DEBUG_INFORMATION_FORMAT = dwarf;
				ENABLE_STRICT_OBJC_MSGSEND = YES;
				ENABLE_TESTABILITY = YES;
				GCC_C_LANGUAGE_STANDARD = gnu11;
				GCC_DYNAMIC_NO_PIC = NO;
				GCC_NO_COMMON_BLOCKS = YES;
				GCC_OPTIMIZATION_LEVEL = 0;
				GCC_PREPROCESSOR_DEFINITIONS = (
					"DEBUG=1",
					"$(inherited)",
				);
				GCC_WARN_64_TO_32_BIT_CONVERSION = YES;
				GCC_WARN_ABOUT_RETURN_TYPE = YES_ERROR;
				GCC_WARN_UNDECLARED_SELECTOR = YES;
				GCC_WARN_UNINITIALIZED_AUTOS = YES_AGGRESSIVE;
				GCC_WARN_UNUSED_FUNCTION = YES;
				GCC_WARN_UNUSED_VARIABLE = YES;
				IPHONEOS_DEPLOYMENT_TARGET = 14.0;
				MTL_ENABLE_DEBUG_INFO = INCLUDE_SOURCE;
				MTL_FAST_MATH = YES;
				ONLY_ACTIVE_ARCH = YES;
				SDKROOT = iphoneos;
				SWIFT_ACTIVE_COMPILATION_CONDITIONS = DEBUG;
				SWIFT_OPTIMIZATION_LEVEL = "-Onone";
			};
			name = Debug;
		};
		82CB25E62531B5ED00BA3EE7 /* Release */ = {
			isa = XCBuildConfiguration;
			buildSettings = {
				ALWAYS_SEARCH_USER_PATHS = NO;
				CLANG_ANALYZER_LOCALIZABILITY_NONLOCALIZED = YES;
				CLANG_ANALYZER_NONNULL = YES;
				CLANG_ANALYZER_NUMBER_OBJECT_CONVERSION = YES_AGGRESSIVE;
				CLANG_CXX_LANGUAGE_STANDARD = "gnu++14";
				CLANG_CXX_LIBRARY = "libc++";
				CLANG_ENABLE_MODULES = YES;
				CLANG_ENABLE_OBJC_ARC = YES;
				CLANG_ENABLE_OBJC_WEAK = YES;
				CLANG_WARN_BLOCK_CAPTURE_AUTORELEASING = YES;
				CLANG_WARN_BOOL_CONVERSION = YES;
				CLANG_WARN_COMMA = YES;
				CLANG_WARN_CONSTANT_CONVERSION = YES;
				CLANG_WARN_DEPRECATED_OBJC_IMPLEMENTATIONS = YES;
				CLANG_WARN_DIRECT_OBJC_ISA_USAGE = YES_ERROR;
				CLANG_WARN_DOCUMENTATION_COMMENTS = YES;
				CLANG_WARN_EMPTY_BODY = YES;
				CLANG_WARN_ENUM_CONVERSION = YES;
				CLANG_WARN_INFINITE_RECURSION = YES;
				CLANG_WARN_INT_CONVERSION = YES;
				CLANG_WARN_NON_LITERAL_NULL_CONVERSION = YES;
				CLANG_WARN_OBJC_IMPLICIT_RETAIN_SELF = YES;
				CLANG_WARN_OBJC_LITERAL_CONVERSION = YES;
				CLANG_WARN_OBJC_ROOT_CLASS = YES_ERROR;
				CLANG_WARN_QUOTED_INCLUDE_IN_FRAMEWORK_HEADER = YES;
				CLANG_WARN_RANGE_LOOP_ANALYSIS = YES;
				CLANG_WARN_STRICT_PROTOTYPES = YES;
				CLANG_WARN_SUSPICIOUS_MOVE = YES;
				CLANG_WARN_UNGUARDED_AVAILABILITY = YES_AGGRESSIVE;
				CLANG_WARN_UNREACHABLE_CODE = YES;
				CLANG_WARN__DUPLICATE_METHOD_MATCH = YES;
				COPY_PHASE_STRIP = NO;
				DEBUG_INFORMATION_FORMAT = "dwarf-with-dsym";
				ENABLE_NS_ASSERTIONS = NO;
				ENABLE_STRICT_OBJC_MSGSEND = YES;
				GCC_C_LANGUAGE_STANDARD = gnu11;
				GCC_NO_COMMON_BLOCKS = YES;
				GCC_WARN_64_TO_32_BIT_CONVERSION = YES;
				GCC_WARN_ABOUT_RETURN_TYPE = YES_ERROR;
				GCC_WARN_UNDECLARED_SELECTOR = YES;
				GCC_WARN_UNINITIALIZED_AUTOS = YES_AGGRESSIVE;
				GCC_WARN_UNUSED_FUNCTION = YES;
				GCC_WARN_UNUSED_VARIABLE = YES;
				IPHONEOS_DEPLOYMENT_TARGET = 14.0;
				MTL_ENABLE_DEBUG_INFO = NO;
				MTL_FAST_MATH = YES;
				SDKROOT = iphoneos;
				SWIFT_COMPILATION_MODE = wholemodule;
				SWIFT_OPTIMIZATION_LEVEL = "-O";
				VALIDATE_PRODUCT = YES;
			};
			name = Release;
		};
		82CB25E82531B5ED00BA3EE7 /* Debug */ = {
			isa = XCBuildConfiguration;
			buildSettings = {
				ALWAYS_EMBED_SWIFT_STANDARD_LIBRARIES = YES;
				ASSETCATALOG_COMPILER_APPICON_NAME = AppIcon;
				ASSETCATALOG_COMPILER_GLOBAL_ACCENT_COLOR_NAME = AccentColor;
				CODE_SIGN_ENTITLEMENTS = "Mask Tracker/Mask Tracker.entitlements";
				CODE_SIGN_STYLE = Automatic;
				DEVELOPMENT_ASSET_PATHS = "\"Mask Tracker/Preview Content\"";
				DEVELOPMENT_TEAM = JKAL24VVB9;
				ENABLE_PREVIEWS = YES;
				INFOPLIST_FILE = "Mask Tracker/Info.plist";
				IPHONEOS_DEPLOYMENT_TARGET = 14.0;
				LD_RUNPATH_SEARCH_PATHS = (
					"$(inherited)",
					"@executable_path/Frameworks",
				);
				PRODUCT_BUNDLE_IDENTIFIER = "vladkampov.Mask-Tracker";
				PRODUCT_NAME = "$(TARGET_NAME)";
				SWIFT_VERSION = 5.0;
				TARGETED_DEVICE_FAMILY = 1;
			};
			name = Debug;
		};
		82CB25E92531B5ED00BA3EE7 /* Release */ = {
			isa = XCBuildConfiguration;
			buildSettings = {
				ALWAYS_EMBED_SWIFT_STANDARD_LIBRARIES = YES;
				ASSETCATALOG_COMPILER_APPICON_NAME = AppIcon;
				ASSETCATALOG_COMPILER_GLOBAL_ACCENT_COLOR_NAME = AccentColor;
				CODE_SIGN_ENTITLEMENTS = "Mask Tracker/Mask Tracker.entitlements";
				CODE_SIGN_STYLE = Automatic;
				DEVELOPMENT_ASSET_PATHS = "\"Mask Tracker/Preview Content\"";
				DEVELOPMENT_TEAM = JKAL24VVB9;
				ENABLE_PREVIEWS = YES;
				INFOPLIST_FILE = "Mask Tracker/Info.plist";
				IPHONEOS_DEPLOYMENT_TARGET = 14.0;
				LD_RUNPATH_SEARCH_PATHS = (
					"$(inherited)",
					"@executable_path/Frameworks",
				);
				PRODUCT_BUNDLE_IDENTIFIER = "vladkampov.Mask-Tracker";
				PRODUCT_NAME = "$(TARGET_NAME)";
				SWIFT_VERSION = 5.0;
				TARGETED_DEVICE_FAMILY = 1;
			};
			name = Release;
		};
		82DEAB2325338C0B00CAD907 /* Debug */ = {
			isa = XCBuildConfiguration;
			buildSettings = {
				ASSETCATALOG_COMPILER_GLOBAL_ACCENT_COLOR_NAME = AccentColor;
				ASSETCATALOG_COMPILER_WIDGET_BACKGROUND_COLOR_NAME = WidgetBackground;
				CODE_SIGN_ENTITLEMENTS = "Mask Tracker WidgetExtension.entitlements";
				CODE_SIGN_STYLE = Automatic;
				DEVELOPMENT_TEAM = JKAL24VVB9;
				INFOPLIST_FILE = "Mask Tracker Widget/Info.plist";
				LD_RUNPATH_SEARCH_PATHS = (
					"$(inherited)",
					"@executable_path/Frameworks",
					"@executable_path/../../Frameworks",
				);
				PRODUCT_BUNDLE_IDENTIFIER = "vladkampov.Mask-Tracker.Mask-Tracker-Widget";
				PRODUCT_NAME = "$(TARGET_NAME)";
				SKIP_INSTALL = YES;
				SWIFT_VERSION = 5.0;
				TARGETED_DEVICE_FAMILY = "1,2";
			};
			name = Debug;
		};
		82DEAB2425338C0B00CAD907 /* Release */ = {
			isa = XCBuildConfiguration;
			buildSettings = {
				ASSETCATALOG_COMPILER_GLOBAL_ACCENT_COLOR_NAME = AccentColor;
				ASSETCATALOG_COMPILER_WIDGET_BACKGROUND_COLOR_NAME = WidgetBackground;
				CODE_SIGN_ENTITLEMENTS = "Mask Tracker WidgetExtension.entitlements";
				CODE_SIGN_STYLE = Automatic;
				DEVELOPMENT_TEAM = JKAL24VVB9;
				INFOPLIST_FILE = "Mask Tracker Widget/Info.plist";
				LD_RUNPATH_SEARCH_PATHS = (
					"$(inherited)",
					"@executable_path/Frameworks",
					"@executable_path/../../Frameworks",
				);
				PRODUCT_BUNDLE_IDENTIFIER = "vladkampov.Mask-Tracker.Mask-Tracker-Widget";
				PRODUCT_NAME = "$(TARGET_NAME)";
				SKIP_INSTALL = YES;
				SWIFT_VERSION = 5.0;
				TARGETED_DEVICE_FAMILY = "1,2";
			};
			name = Release;
		};
/* End XCBuildConfiguration section */

/* Begin XCConfigurationList section */
		82AF0566253AFCED003A1F2D /* Build configuration list for PBXNativeTarget "Mask Tracker Watch App Extension" */ = {
			isa = XCConfigurationList;
			buildConfigurations = (
				82AF0564253AFCED003A1F2D /* Debug */,
				82AF0565253AFCED003A1F2D /* Release */,
			);
			defaultConfigurationIsVisible = 0;
			defaultConfigurationName = Release;
		};
		82AF0567253AFCED003A1F2D /* Build configuration list for PBXNativeTarget "Mask Tracker Watch App" */ = {
			isa = XCConfigurationList;
			buildConfigurations = (
				82AF0561253AFCED003A1F2D /* Debug */,
				82AF0562253AFCED003A1F2D /* Release */,
			);
			defaultConfigurationIsVisible = 0;
			defaultConfigurationName = Release;
		};
		82CB25D32531B5ED00BA3EE7 /* Build configuration list for PBXProject "Mask Tracker" */ = {
			isa = XCConfigurationList;
			buildConfigurations = (
				82CB25E52531B5ED00BA3EE7 /* Debug */,
				82CB25E62531B5ED00BA3EE7 /* Release */,
			);
			defaultConfigurationIsVisible = 0;
			defaultConfigurationName = Release;
		};
		82CB25E72531B5ED00BA3EE7 /* Build configuration list for PBXNativeTarget "Mask Tracker" */ = {
			isa = XCConfigurationList;
			buildConfigurations = (
				82CB25E82531B5ED00BA3EE7 /* Debug */,
				82CB25E92531B5ED00BA3EE7 /* Release */,
			);
			defaultConfigurationIsVisible = 0;
			defaultConfigurationName = Release;
		};
		82DEAB2225338C0B00CAD907 /* Build configuration list for PBXNativeTarget "Mask Tracker WidgetExtension" */ = {
			isa = XCConfigurationList;
			buildConfigurations = (
				82DEAB2325338C0B00CAD907 /* Debug */,
				82DEAB2425338C0B00CAD907 /* Release */,
			);
			defaultConfigurationIsVisible = 0;
			defaultConfigurationName = Release;
		};
/* End XCConfigurationList section */

/* Begin XCVersionGroup section */
		8257B6F42532177A00C2AE69 /* MaskData.xcdatamodeld */ = {
			isa = XCVersionGroup;
			children = (
				8257B6F52532177A00C2AE69 /* MaskData.xcdatamodel */,
			);
			currentVersion = 8257B6F52532177A00C2AE69 /* MaskData.xcdatamodel */;
			path = MaskData.xcdatamodeld;
			sourceTree = "<group>";
			versionGroupType = wrapper.xcdatamodel;
		};
		82AF058A253AFF0F003A1F2D /* MaskDataWatch.xcdatamodeld */ = {
			isa = XCVersionGroup;
			children = (
				82AF058B253AFF0F003A1F2D /* MaskDataWatch.xcdatamodel */,
			);
			currentVersion = 82AF058B253AFF0F003A1F2D /* MaskDataWatch.xcdatamodel */;
			path = MaskDataWatch.xcdatamodeld;
			sourceTree = "<group>";
			versionGroupType = wrapper.xcdatamodel;
		};
/* End XCVersionGroup section */
	};
	rootObject = 82CB25D02531B5ED00BA3EE7 /* Project object */;
}
